# THIS IS AN AUTOGENERATED FILE. DO NOT EDIT THIS FILE DIRECTLY.
# yarn lockfile v1


msn-cache@^0.1.3:
  version "0.1.3"
  resolved "https://registry.yarnpkg.com/msn-cache/-/msn-cache-0.1.3.tgz#faac8820922d5549e6d5de825b65974f4ece5ac3"
  integrity sha512-PVvzs3U/5x+Eo5FOyiDb6lXL/FrvUjQhcbUR9LE3TomluIRofL5+L/618VVVjxHZeSURUbZGkL3gIs3uKzh7iA==
